
Microsoft Visual Studio Solution File, Format Version 12.00
# Visual Studio Version 17
VisualStudioVersion = 17.4.33103.184
MinimumVisualStudioVersion = 10.0.40219.1
Project("{FAE04EC0-301F-11D3-BF4B-00C04F79EFBC}") = "CalculatorApp", "CalculatorApp.csproj", "{EAFA8314-C5E1-4E68-ADF5-104EFAB6C4C0}"
EndProject
Global
	GlobalSection(SolutionConfigurationPlatforms) = preSolution
		Debug|Any CPU = Debug|Any CPU
		Release|Any CPU = Release|Any CPU
	EndGlobalSection
	GlobalSection(ProjectConfigurationPlatforms) = postSolution
		{EAFA8314-C5E1-4E68-ADF5-104EFAB6C4C0}.Debug|Any CPU.ActiveCfg = Debug|Any CPU
		{EAFA8314-C5E1-4E68-ADF5-104EFAB6C4C0}.Debug|Any CPU.Build.0 = Debug|Any CPU
		{EAFA8314-C5E1-4E68-ADF5-104EFAB6C4C0}.Release|Any CPU.ActiveCfg = Release|Any CPU
		{EAFA8314-C5E1-4E68-ADF5-104EFAB6C4C0}.Release|Any CPU.Build.0 = Release|Any CPU
	EndGlobalSection
	GlobalSection(SolutionProperties) = preSolution
		HideSolutionNode = FALSE
	EndGlobalSection
	GlobalSection(ExtensibilityGlobals) = postSolution
		SolutionGuid = {1C145271-E2E4-42AF-91B1-7F3ED240F299}
	EndGlobalSection
EndGlobal
